
Microsoft Visual Studio Solution File, Format Version 12.00
# Visual Studio Version 17
VisualStudioVersion = 17.4.33213.308
MinimumVisualStudioVersion = 10.0.40219.1
Project("{FAE04EC0-301F-11D3-BF4B-00C04F79EFBC}") = "Practical Lesson №4", "Practical Lesson №4.csproj", "{840F8EC0-EE70-45F4-AF31-EA5DD1AC9E87}"
EndProject
Global
	GlobalSection(SolutionConfigurationPlatforms) = preSolution
		Debug|Any CPU = Debug|Any CPU
		Release|Any CPU = Release|Any CPU
	EndGlobalSection
	GlobalSection(ProjectConfigurationPlatforms) = postSolution
		{840F8EC0-EE70-45F4-AF31-EA5DD1AC9E87}.Debug|Any CPU.ActiveCfg = Debug|Any CPU
		{840F8EC0-EE70-45F4-AF31-EA5DD1AC9E87}.Debug|Any CPU.Build.0 = Debug|Any CPU
		{840F8EC0-EE70-45F4-AF31-EA5DD1AC9E87}.Release|Any CPU.ActiveCfg = Release|Any CPU
		{840F8EC0-EE70-45F4-AF31-EA5DD1AC9E87}.Release|Any CPU.Build.0 = Release|Any CPU
	EndGlobalSection
	GlobalSection(SolutionProperties) = preSolution
		HideSolutionNode = FALSE
	EndGlobalSection
	GlobalSection(ExtensibilityGlobals) = postSolution
		SolutionGuid = {259A2C25-AEDA-40EA-9065-65E03A5BC427}
	EndGlobalSection
EndGlobal
